// !$*UTF8*$!
{
	archiveVersion = 1;
	classes = {
	};
	objectVersion = 77;
	objects = {

/* Begin PBXContainerItemProxy section */
		D9EE79162EA30DFE00F2A0BC /* PBXContainerItemProxy */ = {
			isa = PBXContainerItemProxy;
			containerPortal = D9EE78FE2EA30DFC00F2A0BC /* Project object */;
			proxyType = 1;
			remoteGlobalIDString = D9EE79052EA30DFC00F2A0BC;
			remoteInfo = PlexChannelsTV;
		};
		D9EE79202EA30DFE00F2A0BC /* PBXContainerItemProxy */ = {
			isa = PBXContainerItemProxy;
			containerPortal = D9EE78FE2EA30DFC00F2A0BC /* Project object */;
			proxyType = 1;
			remoteGlobalIDString = D9EE79052EA30DFC00F2A0BC;
			remoteInfo = PlexChannelsTV;
		};
/* End PBXContainerItemProxy section */

/* Begin PBXFileReference section */
		D9EE79062EA30DFC00F2A0BC /* PlexChannelsTV.app */ = {isa = PBXFileReference; explicitFileType = wrapper.application; includeInIndex = 0; path = PlexChannelsTV.app; sourceTree = BUILT_PRODUCTS_DIR; };
		D9EE79152EA30DFE00F2A0BC /* PlexChannelsTVTests.xctest */ = {isa = PBXFileReference; explicitFileType = wrapper.cfbundle; includeInIndex = 0; path = PlexChannelsTVTests.xctest; sourceTree = BUILT_PRODUCTS_DIR; };
		D9EE791F2EA30DFE00F2A0BC /* PlexChannelsTVUITests.xctest */ = {isa = PBXFileReference; explicitFileType = wrapper.cfbundle; includeInIndex = 0; path = PlexChannelsTVUITests.xctest; sourceTree = BUILT_PRODUCTS_DIR; };
/* End PBXFileReference section */

/* Begin PBXFileSystemSynchronizedRootGroup section */
		D9EE79082EA30DFC00F2A0BC /* PlexChannelsTV */ = {
			isa = PBXFileSystemSynchronizedRootGroup;
			path = PlexChannelsTV;
			sourceTree = "<group>";
		};
		D9EE79182EA30DFE00F2A0BC /* PlexChannelsTVTests */ = {
			isa = PBXFileSystemSynchronizedRootGroup;
			path = PlexChannelsTVTests;
			sourceTree = "<group>";
		};
		D9EE79222EA30DFE00F2A0BC /* PlexChannelsTVUITests */ = {
			isa = PBXFileSystemSynchronizedRootGroup;
			path = PlexChannelsTVUITests;
			sourceTree = "<group>";
		};
/* End PBXFileSystemSynchronizedRootGroup section */

/* Begin PBXFrameworksBuildPhase section */
		D9EE79032EA30DFC00F2A0BC /* Frameworks */ = {
			isa = PBXFrameworksBuildPhase;
			buildActionMask = 2147483647;
			files = (
			);
			runOnlyForDeploymentPostprocessing = 0;
		};
		D9EE79122EA30DFE00F2A0BC /* Frameworks */ = {
			isa = PBXFrameworksBuildPhase;
			buildActionMask = 2147483647;
			files = (
			);
			runOnlyForDeploymentPostprocessing = 0;
		};
		D9EE791C2EA30DFE00F2A0BC /* Frameworks */ = {
			isa = PBXFrameworksBuildPhase;
			buildActionMask = 2147483647;
			files = (
			);
			runOnlyForDeploymentPostprocessing = 0;
		};
/* End PBXFrameworksBuildPhase section */

/* Begin PBXGroup section */
		D9EE78FD2EA30DFC00F2A0BC = {
			isa = PBXGroup;
			children = (
				D9EE79082EA30DFC00F2A0BC /* PlexChannelsTV */,
				D9EE79182EA30DFE00F2A0BC /* PlexChannelsTVTests */,
				D9EE79222EA30DFE00F2A0BC /* PlexChannelsTVUITests */,
				D9EE79072EA30DFC00F2A0BC /* Products */,
			);
			sourceTree = "<group>";
		};
		D9EE79072EA30DFC00F2A0BC /* Products */ = {
			isa = PBXGroup;
			children = (
				D9EE79062EA30DFC00F2A0BC /* PlexChannelsTV.app */,
				D9EE79152EA30DFE00F2A0BC /* PlexChannelsTVTests.xctest */,
				D9EE791F2EA30DFE00F2A0BC /* PlexChannelsTVUITests.xctest */,
			);
			name = Products;
			sourceTree = "<group>";
		};
/* End PBXGroup section */

/* Begin PBXNativeTarget section */
		D9EE79052EA30DFC00F2A0BC /* PlexChannelsTV */ = {
			isa = PBXNativeTarget;
			buildConfigurationList = D9EE79292EA30DFE00F2A0BC /* Build configuration list for PBXNativeTarget "PlexChannelsTV" */;
			buildPhases = (
				D9EE79022EA30DFC00F2A0BC /* Sources */,
				D9EE79032EA30DFC00F2A0BC /* Frameworks */,
				D9EE79042EA30DFC00F2A0BC /* Resources */,
			);
			buildRules = (
			);
			dependencies = (
			);
			fileSystemSynchronizedGroups = (
				D9EE79082EA30DFC00F2A0BC /* PlexChannelsTV */,
			);
			name = PlexChannelsTV;
			packageProductDependencies = (
			);
			productName = PlexChannelsTV;
			productReference = D9EE79062EA30DFC00F2A0BC /* PlexChannelsTV.app */;
			productType = "com.apple.product-type.application";
		};
		D9EE79142EA30DFE00F2A0BC /* PlexChannelsTVTests */ = {
			isa = PBXNativeTarget;
			buildConfigurationList = D9EE792C2EA30DFE00F2A0BC /* Build configuration list for PBXNativeTarget "PlexChannelsTVTests" */;
			buildPhases = (
				D9EE79112EA30DFE00F2A0BC /* Sources */,
				D9EE79122EA30DFE00F2A0BC /* Frameworks */,
				D9EE79132EA30DFE00F2A0BC /* Resources */,
			);
			buildRules = (
			);
			dependencies = (
				D9EE79172EA30DFE00F2A0BC /* PBXTargetDependency */,
			);
			fileSystemSynchronizedGroups = (
				D9EE79182EA30DFE00F2A0BC /* PlexChannelsTVTests */,
			);
			name = PlexChannelsTVTests;
			packageProductDependencies = (
			);
			productName = PlexChannelsTVTests;
			productReference = D9EE79152EA30DFE00F2A0BC /* PlexChannelsTVTests.xctest */;
			productType = "com.apple.product-type.bundle.unit-test";
		};
		D9EE791E2EA30DFE00F2A0BC /* PlexChannelsTVUITests */ = {
			isa = PBXNativeTarget;
			buildConfigurationList = D9EE792F2EA30DFE00F2A0BC /* Build configuration list for PBXNativeTarget "PlexChannelsTVUITests" */;
			buildPhases = (
				D9EE791B2EA30DFE00F2A0BC /* Sources */,
				D9EE791C2EA30DFE00F2A0BC /* Frameworks */,
				D9EE791D2EA30DFE00F2A0BC /* Resources */,
			);
			buildRules = (
			);
			dependencies = (
				D9EE79212EA30DFE00F2A0BC /* PBXTargetDependency */,
			);
			fileSystemSynchronizedGroups = (
				D9EE79222EA30DFE00F2A0BC /* PlexChannelsTVUITests */,
			);
			name = PlexChannelsTVUITests;
			packageProductDependencies = (
			);
			productName = PlexChannelsTVUITests;
			productReference = D9EE791F2EA30DFE00F2A0BC /* PlexChannelsTVUITests.xctest */;
			productType = "com.apple.product-type.bundle.ui-testing";
		};
/* End PBXNativeTarget section */

/* Begin PBXProject section */
		D9EE78FE2EA30DFC00F2A0BC /* Project object */ = {
			isa = PBXProject;
			attributes = {
				BuildIndependentTargetsInParallel = 1;
				LastSwiftUpdateCheck = 1640;
				LastUpgradeCheck = 1640;
				TargetAttributes = {
					D9EE79052EA30DFC00F2A0BC = {
						CreatedOnToolsVersion = 16.4;
					};
					D9EE79142EA30DFE00F2A0BC = {
						CreatedOnToolsVersion = 16.4;
						TestTargetID = D9EE79052EA30DFC00F2A0BC;
					};
					D9EE791E2EA30DFE00F2A0BC = {
						CreatedOnToolsVersion = 16.4;
						TestTargetID = D9EE79052EA30DFC00F2A0BC;
					};
				};
			};
			buildConfigurationList = D9EE79012EA30DFC00F2A0BC /* Build configuration list for PBXProject "PlexChannelsTV" */;
			developmentRegion = en;
			hasScannedForEncodings = 0;
			knownRegions = (
				en,
				Base,
			);
			mainGroup = D9EE78FD2EA30DFC00F2A0BC;
			minimizedProjectReferenceProxies = 1;
			preferredProjectObjectVersion = 77;
			productRefGroup = D9EE79072EA30DFC00F2A0BC /* Products */;
			projectDirPath = "";
			projectRoot = "";
			targets = (
				D9EE79052EA30DFC00F2A0BC /* PlexChannelsTV */,
				D9EE79142EA30DFE00F2A0BC /* PlexChannelsTVTests */,
				D9EE791E2EA30DFE00F2A0BC /* PlexChannelsTVUITests */,
			);
		};
/* End PBXProject section */

/* Begin PBXResourcesBuildPhase section */
		D9EE79042EA30DFC00F2A0BC /* Resources */ = {
			isa = PBXResourcesBuildPhase;
			buildActionMask = 2147483647;
			files = (
			);
			runOnlyForDeploymentPostprocessing = 0;
		};
		D9EE79132EA30DFE00F2A0BC /* Resources */ = {
			isa = PBXResourcesBuildPhase;
			buildActionMask = 2147483647;
			files = (
			);
			runOnlyForDeploymentPostprocessing = 0;
		};
		D9EE791D2EA30DFE00F2A0BC /* Resources */ = {
			isa = PBXResourcesBuildPhase;
			buildActionMask = 2147483647;
			files = (
			);
			runOnlyForDeploymentPostprocessing = 0;
		};
/* End PBXResourcesBuildPhase section */

/* Begin PBXSourcesBuildPhase section */
		D9EE79022EA30DFC00F2A0BC /* Sources */ = {
			isa = PBXSourcesBuildPhase;
			buildActionMask = 2147483647;
			files = (
			);
			runOnlyForDeploymentPostprocessing = 0;
		};
		D9EE79112EA30DFE00F2A0BC /* Sources */ = {
			isa = PBXSourcesBuildPhase;
			buildActionMask = 2147483647;
			files = (
			);
			runOnlyForDeploymentPostprocessing = 0;
		};
		D9EE791B2EA30DFE00F2A0BC /* Sources */ = {
			isa = PBXSourcesBuildPhase;
			buildActionMask = 2147483647;
			files = (
			);
			runOnlyForDeploymentPostprocessing = 0;
		};
/* End PBXSourcesBuildPhase section */

/* Begin PBXTargetDependency section */
		D9EE79172EA30DFE00F2A0BC /* PBXTargetDependency */ = {
			isa = PBXTargetDependency;
			target = D9EE79052EA30DFC00F2A0BC /* PlexChannelsTV */;
			targetProxy = D9EE79162EA30DFE00F2A0BC /* PBXContainerItemProxy */;
		};
		D9EE79212EA30DFE00F2A0BC /* PBXTargetDependency */ = {
			isa = PBXTargetDependency;
			target = D9EE79052EA30DFC00F2A0BC /* PlexChannelsTV */;
			targetProxy = D9EE79202EA30DFE00F2A0BC /* PBXContainerItemProxy */;
		};
/* End PBXTargetDependency section */

/* Begin XCBuildConfiguration section */
		D9EE79272EA30DFE00F2A0BC /* Debug */ = {
			isa = XCBuildConfiguration;
			buildSettings = {
				ALWAYS_SEARCH_USER_PATHS = NO;
				ASSETCATALOG_COMPILER_GENERATE_SWIFT_ASSET_SYMBOL_EXTENSIONS = YES;
				CLANG_ANALYZER_NONNULL = YES;
				CLANG_ANALYZER_NUMBER_OBJECT_CONVERSION = YES_AGGRESSIVE;
				CLANG_CXX_LANGUAGE_STANDARD = "gnu++20";
				CLANG_ENABLE_MODULES = YES;
				CLANG_ENABLE_OBJC_ARC = YES;
				CLANG_ENABLE_OBJC_WEAK = YES;
				CLANG_WARN_BLOCK_CAPTURE_AUTORELEASING = YES;
				CLANG_WARN_BOOL_CONVERSION = YES;
				CLANG_WARN_COMMA = YES;
				CLANG_WARN_CONSTANT_CONVERSION = YES;
				CLANG_WARN_DEPRECATED_OBJC_IMPLEMENTATIONS = YES;
				CLANG_WARN_DIRECT_OBJC_ISA_USAGE = YES_ERROR;
				CLANG_WARN_DOCUMENTATION_COMMENTS = YES;
				CLANG_WARN_EMPTY_BODY = YES;
				CLANG_WARN_ENUM_CONVERSION = YES;
				CLANG_WARN_INFINITE_RECURSION = YES;
				CLANG_WARN_INT_CONVERSION = YES;
				CLANG_WARN_NON_LITERAL_NULL_CONVERSION = YES;
				CLANG_WARN_OBJC_IMPLICIT_RETAIN_SELF = YES;
				CLANG_WARN_OBJC_LITERAL_CONVERSION = YES;
				CLANG_WARN_OBJC_ROOT_CLASS = YES_ERROR;
				CLANG_WARN_QUOTED_INCLUDE_IN_FRAMEWORK_HEADER = YES;
				CLANG_WARN_RANGE_LOOP_ANALYSIS = YES;
				CLANG_WARN_STRICT_PROTOTYPES = YES;
				CLANG_WARN_SUSPICIOUS_MOVE = YES;
				CLANG_WARN_UNGUARDED_AVAILABILITY = YES_AGGRESSIVE;
				CLANG_WARN_UNREACHABLE_CODE = YES;
				CLANG_WARN__DUPLICATE_METHOD_MATCH = YES;
				COPY_PHASE_STRIP = NO;
				DEBUG_INFORMATION_FORMAT = dwarf;
				DEVELOPMENT_TEAM = 956754WB83;
				ENABLE_STRICT_OBJC_MSGSEND = YES;
				ENABLE_TESTABILITY = YES;
				ENABLE_USER_SCRIPT_SANDBOXING = YES;
				GCC_C_LANGUAGE_STANDARD = gnu17;
				GCC_DYNAMIC_NO_PIC = NO;
				GCC_NO_COMMON_BLOCKS = YES;
				GCC_OPTIMIZATION_LEVEL = 0;
				GCC_PREPROCESSOR_DEFINITIONS = (
					"DEBUG=1",
					"$(inherited)",
				);
				GCC_WARN_64_TO_32_BIT_CONVERSION = YES;
				GCC_WARN_ABOUT_RETURN_TYPE = YES_ERROR;
				GCC_WARN_UNDECLARED_SELECTOR = YES;
				GCC_WARN_UNINITIALIZED_AUTOS = YES_AGGRESSIVE;
				GCC_WARN_UNUSED_FUNCTION = YES;
				GCC_WARN_UNUSED_VARIABLE = YES;
				LOCALIZATION_PREFERS_STRING_CATALOGS = YES;
				MTL_ENABLE_DEBUG_INFO = INCLUDE_SOURCE;
				MTL_FAST_MATH = YES;
				ONLY_ACTIVE_ARCH = YES;
				SDKROOT = appletvos;
				SWIFT_ACTIVE_COMPILATION_CONDITIONS = "DEBUG $(inherited)";
				SWIFT_OPTIMIZATION_LEVEL = "-Onone";
				TVOS_DEPLOYMENT_TARGET = 18.5;
			};
			name = Debug;
		};
		D9EE79282EA30DFE00F2A0BC /* Release */ = {
			isa = XCBuildConfiguration;
			buildSettings = {
				ALWAYS_SEARCH_USER_PATHS = NO;
				ASSETCATALOG_COMPILER_GENERATE_SWIFT_ASSET_SYMBOL_EXTENSIONS = YES;
				CLANG_ANALYZER_NONNULL = YES;
				CLANG_ANALYZER_NUMBER_OBJECT_CONVERSION = YES_AGGRESSIVE;
				CLANG_CXX_LANGUAGE_STANDARD = "gnu++20";
				CLANG_ENABLE_MODULES = YES;
				CLANG_ENABLE_OBJC_ARC = YES;
				CLANG_ENABLE_OBJC_WEAK = YES;
				CLANG_WARN_BLOCK_CAPTURE_AUTORELEASING = YES;
				CLANG_WARN_BOOL_CONVERSION = YES;
				CLANG_WARN_COMMA = YES;
				CLANG_WARN_CONSTANT_CONVERSION = YES;
				CLANG_WARN_DEPRECATED_OBJC_IMPLEMENTATIONS = YES;
				CLANG_WARN_DIRECT_OBJC_ISA_USAGE = YES_ERROR;
				CLANG_WARN_DOCUMENTATION_COMMENTS = YES;
				CLANG_WARN_EMPTY_BODY = YES;
				CLANG_WARN_ENUM_CONVERSION = YES;
				CLANG_WARN_INFINITE_RECURSION = YES;
				CLANG_WARN_INT_CONVERSION = YES;
				CLANG_WARN_NON_LITERAL_NULL_CONVERSION = YES;
				CLANG_WARN_OBJC_IMPLICIT_RETAIN_SELF = YES;
				CLANG_WARN_OBJC_LITERAL_CONVERSION = YES;
				CLANG_WARN_OBJC_ROOT_CLASS = YES_ERROR;
				CLANG_WARN_QUOTED_INCLUDE_IN_FRAMEWORK_HEADER = YES;
				CLANG_WARN_RANGE_LOOP_ANALYSIS = YES;
				CLANG_WARN_STRICT_PROTOTYPES = YES;
				CLANG_WARN_SUSPICIOUS_MOVE = YES;
				CLANG_WARN_UNGUARDED_AVAILABILITY = YES_AGGRESSIVE;
				CLANG_WARN_UNREACHABLE_CODE = YES;
				CLANG_WARN__DUPLICATE_METHOD_MATCH = YES;
				COPY_PHASE_STRIP = NO;
				DEBUG_INFORMATION_FORMAT = "dwarf-with-dsym";
				DEVELOPMENT_TEAM = 956754WB83;
				ENABLE_NS_ASSERTIONS = NO;
				ENABLE_STRICT_OBJC_MSGSEND = YES;
				ENABLE_USER_SCRIPT_SANDBOXING = YES;
				GCC_C_LANGUAGE_STANDARD = gnu17;
				GCC_NO_COMMON_BLOCKS = YES;
				GCC_WARN_64_TO_32_BIT_CONVERSION = YES;
				GCC_WARN_ABOUT_RETURN_TYPE = YES_ERROR;
				GCC_WARN_UNDECLARED_SELECTOR = YES;
				GCC_WARN_UNINITIALIZED_AUTOS = YES_AGGRESSIVE;
				GCC_WARN_UNUSED_FUNCTION = YES;
				GCC_WARN_UNUSED_VARIABLE = YES;
				LOCALIZATION_PREFERS_STRING_CATALOGS = YES;
				MTL_ENABLE_DEBUG_INFO = NO;
				MTL_FAST_MATH = YES;
				SDKROOT = appletvos;
				SWIFT_COMPILATION_MODE = wholemodule;
				TVOS_DEPLOYMENT_TARGET = 18.5;
				VALIDATE_PRODUCT = YES;
			};
			name = Release;
		};
		D9EE792A2EA30DFE00F2A0BC /* Debug */ = {
			isa = XCBuildConfiguration;
			buildSettings = {
				ASSETCATALOG_COMPILER_APPICON_NAME = "App Icon & Top Shelf Image";
				ASSETCATALOG_COMPILER_GLOBAL_ACCENT_COLOR_NAME = AccentColor;
				CODE_SIGN_STYLE = Automatic;
				CURRENT_PROJECT_VERSION = 1;
				DEVELOPMENT_TEAM = 956754WB83;
				ENABLE_PREVIEWS = YES;
				GENERATE_INFOPLIST_FILE = YES;
				INFOPLIST_KEY_UILaunchScreen_Generation = YES;
				INFOPLIST_KEY_UIUserInterfaceStyle = Automatic;
				LD_RUNPATH_SEARCH_PATHS = (
					"$(inherited)",
					"@executable_path/Frameworks",
				);
				MARKETING_VERSION = 1.0;
				PRODUCT_BUNDLE_IDENTIFIER = DannyVFilms.PlexChannelsTV;
				PRODUCT_NAME = "$(TARGET_NAME)";
				SWIFT_EMIT_LOC_STRINGS = YES;
				SWIFT_VERSION = 5.0;
				TARGETED_DEVICE_FAMILY = 3;
			};
			name = Debug;
		};
		D9EE792B2EA30DFE00F2A0BC /* Release */ = {
			isa = XCBuildConfiguration;
			buildSettings = {
				ASSETCATALOG_COMPILER_APPICON_NAME = "App Icon & Top Shelf Image";
				ASSETCATALOG_COMPILER_GLOBAL_ACCENT_COLOR_NAME = AccentColor;
				CODE_SIGN_STYLE = Automatic;
				CURRENT_PROJECT_VERSION = 1;
				DEVELOPMENT_TEAM = 956754WB83;
				ENABLE_PREVIEWS = YES;
				GENERATE_INFOPLIST_FILE = YES;
				INFOPLIST_KEY_UILaunchScreen_Generation = YES;
				INFOPLIST_KEY_UIUserInterfaceStyle = Automatic;
				LD_RUNPATH_SEARCH_PATHS = (
					"$(inherited)",
					"@executable_path/Frameworks",
				);
				MARKETING_VERSION = 1.0;
				PRODUCT_BUNDLE_IDENTIFIER = DannyVFilms.PlexChannelsTV;
				PRODUCT_NAME = "$(TARGET_NAME)";
				SWIFT_EMIT_LOC_STRINGS = YES;
				SWIFT_VERSION = 5.0;
				TARGETED_DEVICE_FAMILY = 3;
			};
			name = Release;
		};
		D9EE792D2EA30DFE00F2A0BC /* Debug */ = {
			isa = XCBuildConfiguration;
			buildSettings = {
				BUNDLE_LOADER = "$(TEST_HOST)";
				CODE_SIGN_STYLE = Automatic;
				CURRENT_PROJECT_VERSION = 1;
				DEVELOPMENT_TEAM = 956754WB83;
				GENERATE_INFOPLIST_FILE = YES;
				MARKETING_VERSION = 1.0;
				PRODUCT_BUNDLE_IDENTIFIER = DannyVFilms.PlexChannelsTVTests;
				PRODUCT_NAME = "$(TARGET_NAME)";
				SWIFT_EMIT_LOC_STRINGS = NO;
				SWIFT_VERSION = 5.0;
				TARGETED_DEVICE_FAMILY = 3;
				TEST_HOST = "$(BUILT_PRODUCTS_DIR)/PlexChannelsTV.app/$(BUNDLE_EXECUTABLE_FOLDER_PATH)/PlexChannelsTV";
				TVOS_DEPLOYMENT_TARGET = 18.5;
			};
			name = Debug;
		};
		D9EE792E2EA30DFE00F2A0BC /* Release */ = {
			isa = XCBuildConfiguration;
			buildSettings = {
				BUNDLE_LOADER = "$(TEST_HOST)";
				CODE_SIGN_STYLE = Automatic;
				CURRENT_PROJECT_VERSION = 1;
				DEVELOPMENT_TEAM = 956754WB83;
				GENERATE_INFOPLIST_FILE = YES;
				MARKETING_VERSION = 1.0;
				PRODUCT_BUNDLE_IDENTIFIER = DannyVFilms.PlexChannelsTVTests;
				PRODUCT_NAME = "$(TARGET_NAME)";
				SWIFT_EMIT_LOC_STRINGS = NO;
				SWIFT_VERSION = 5.0;
				TARGETED_DEVICE_FAMILY = 3;
				TEST_HOST = "$(BUILT_PRODUCTS_DIR)/PlexChannelsTV.app/$(BUNDLE_EXECUTABLE_FOLDER_PATH)/PlexChannelsTV";
				TVOS_DEPLOYMENT_TARGET = 18.5;
			};
			name = Release;
		};
		D9EE79302EA30DFE00F2A0BC /* Debug */ = {
			isa = XCBuildConfiguration;
			buildSettings = {
				CODE_SIGN_STYLE = Automatic;
				CURRENT_PROJECT_VERSION = 1;
				DEVELOPMENT_TEAM = 956754WB83;
				GENERATE_INFOPLIST_FILE = YES;
				MARKETING_VERSION = 1.0;
				PRODUCT_BUNDLE_IDENTIFIER = DannyVFilms.PlexChannelsTVUITests;
				PRODUCT_NAME = "$(TARGET_NAME)";
				SWIFT_EMIT_LOC_STRINGS = NO;
				SWIFT_VERSION = 5.0;
				TARGETED_DEVICE_FAMILY = 3;
				TEST_TARGET_NAME = PlexChannelsTV;
			};
			name = Debug;
		};
		D9EE79312EA30DFE00F2A0BC /* Release */ = {
			isa = XCBuildConfiguration;
			buildSettings = {
				CODE_SIGN_STYLE = Automatic;
				CURRENT_PROJECT_VERSION = 1;
				DEVELOPMENT_TEAM = 956754WB83;
				GENERATE_INFOPLIST_FILE = YES;
				MARKETING_VERSION = 1.0;
				PRODUCT_BUNDLE_IDENTIFIER = DannyVFilms.PlexChannelsTVUITests;
				PRODUCT_NAME = "$(TARGET_NAME)";
				SWIFT_EMIT_LOC_STRINGS = NO;
				SWIFT_VERSION = 5.0;
				TARGETED_DEVICE_FAMILY = 3;
				TEST_TARGET_NAME = PlexChannelsTV;
			};
			name = Release;
		};
/* End XCBuildConfiguration section */

/* Begin XCConfigurationList section */
		D9EE79012EA30DFC00F2A0BC /* Build configuration list for PBXProject "PlexChannelsTV" */ = {
			isa = XCConfigurationList;
			buildConfigurations = (
				D9EE79272EA30DFE00F2A0BC /* Debug */,
				D9EE79282EA30DFE00F2A0BC /* Release */,
			);
			defaultConfigurationIsVisible = 0;
			defaultConfigurationName = Release;
		};
		D9EE79292EA30DFE00F2A0BC /* Build configuration list for PBXNativeTarget "PlexChannelsTV" */ = {
			isa = XCConfigurationList;
			buildConfigurations = (
				D9EE792A2EA30DFE00F2A0BC /* Debug */,
				D9EE792B2EA30DFE00F2A0BC /* Release */,
			);
			defaultConfigurationIsVisible = 0;
			defaultConfigurationName = Release;
		};
		D9EE792C2EA30DFE00F2A0BC /* Build configuration list for PBXNativeTarget "PlexChannelsTVTests" */ = {
			isa = XCConfigurationList;
			buildConfigurations = (
				D9EE792D2EA30DFE00F2A0BC /* Debug */,
				D9EE792E2EA30DFE00F2A0BC /* Release */,
			);
			defaultConfigurationIsVisible = 0;
			defaultConfigurationName = Release;
		};
		D9EE792F2EA30DFE00F2A0BC /* Build configuration list for PBXNativeTarget "PlexChannelsTVUITests" */ = {
			isa = XCConfigurationList;
			buildConfigurations = (
				D9EE79302EA30DFE00F2A0BC /* Debug */,
				D9EE79312EA30DFE00F2A0BC /* Release */,
			);
			defaultConfigurationIsVisible = 0;
			defaultConfigurationName = Release;
		};
/* End XCConfigurationList section */
	};
	rootObject = D9EE78FE2EA30DFC00F2A0BC /* Project object */;
}
